{
  "version": 4,
  "terraform_version": "1.10.4",
  "serial": 206,
  "lineage": "181d93d2-33b8-a448-173f-38605d81c8d6",
  "outputs": {
    "api_gateway_url": {
      "value": "https://https://1rhr2d2dtk.execute-api.us-east-1.amazonaws.com/prod",
      "type": "string"
    }
  },
  "resources": [
    {
      "mode": "data",
      "type": "archive_file",
      "name": "lambda_get_convidados_zip",
      "provider": "provider[\"registry.terraform.io/hashicorp/archive\"]",
      "instances": [
        {
          "schema_version": 0,
          "attributes": {
            "exclude_symlink_directories": null,
            "excludes": null,
            "id": "e9404d43151bae32cb15be888fdf8beb0172f393",
            "output_base64sha256": "quMPhypE5D08OGZcEC3FCpCw9IIhL1NkSq5qQi/t4Ls=",
            "output_base64sha512": "DYRxz1PK5Wc2MDZiTix4LNxmgncMPkUhVUMq9gwxrffShuaopWe16rLSd0Ynk1wSP/+mNeYXwVzrEorjMzSdZg==",
            "output_file_mode": null,
            "output_md5": "63951e91f4f145a73420f3aad6d4b8bd",
            "output_path": "./../lambda/getConvidados.zip",
            "output_sha": "e9404d43151bae32cb15be888fdf8beb0172f393",
            "output_sha256": "aae30f872a44e43d3c38665c102dc50a90b0f482212f53644aae6a422fede0bb",
            "output_sha512": "0d8471cf53cae567363036624e2c782cdc6682770c3e452155432af60c31adf7d286e6a8a567b5eab2d2774627935c123fffa635e617c15ceb128ae333349d66",
            "output_size": 708,
            "source": [],
            "source_content": null,
            "source_content_filename": null,
            "source_dir": null,
            "source_file": "./../lambda/getConvidados.py",
            "type": "zip"
          },
          "sensitive_attributes": []
        }
      ]
    },
    {
      "mode": "data",
      "type": "archive_file",
      "name": "lambda_get_payment_link_zip",
      "provider": "provider[\"registry.terraform.io/hashicorp/archive\"]",
      "instances": [
        {
          "schema_version": 0,
          "attributes": {
            "exclude_symlink_directories": null,
            "excludes": null,
            "id": "8dc573efc21322537d75dcbe0bfa184431a1f32f",
            "output_base64sha256": "EzwUKskT8w3ED6KaVqS3NAdT/H78NNyI+TJkuqWTceM=",
            "output_base64sha512": "VOCbhrTCGxR0RRjqAiUKPHvCiZeanS9M6pun4IJcQS+aWIUYBZvDuwS7kW1q5QOaojjD/PEbZfXbKbHczkh/xw==",
            "output_file_mode": null,
            "output_md5": "bf8f065396af413ba50e62707a515df0",
            "output_path": "./../lambda/getPaymentLink.zip",
            "output_sha": "8dc573efc21322537d75dcbe0bfa184431a1f32f",
            "output_sha256": "133c142ac913f30dc40fa29a56a4b7340753fc7efc34dc88f93264baa59371e3",
            "output_sha512": "54e09b86b4c21b14744518ea02250a3c7bc289979a9d2f4cea9ba7e0825c412f9a588518059bc3bb04bb916d6ae5039aa238c3fcf11b65f5db29b1dcce487fc7",
            "output_size": 1076122,
            "source": [],
            "source_content": null,
            "source_content_filename": null,
            "source_dir": "./../lambda/build_getPaymentLink",
            "source_file": null,
            "type": "zip"
          },
          "sensitive_attributes": []
        }
      ]
    },
    {
      "mode": "data",
      "type": "archive_file",
      "name": "lambda_get_queries_zip",
      "provider": "provider[\"registry.terraform.io/hashicorp/archive\"]",
      "instances": [
        {
          "schema_version": 0,
          "attributes": {
            "exclude_symlink_directories": null,
            "excludes": null,
            "id": "d51711000c2775713f9851a8e029e9f8a702e361",
            "output_base64sha256": "fyVQJ7eTYW2D91LYoKux/IksL4ZxB/Hkbe8kVH5lqM0=",
            "output_base64sha512": "IAKPe25sX5Fcs2F74J2B45On/OQ+EHlI2SufQqpFoFCBRx1a/9oBiAStGXaoa7JZDZldwE5MvImWLRZYLe+zng==",
            "output_file_mode": null,
            "output_md5": "3702f3f8966e6d2f22f4e53493dc37b7",
            "output_path": "./../lambda/getQueries.zip",
            "output_sha": "d51711000c2775713f9851a8e029e9f8a702e361",
            "output_sha256": "7f255027b793616d83f752d8a0abb1fc892c2f867107f1e46def24547e65a8cd",
            "output_sha512": "20028f7b6e6c5f915cb3617be09d81e393a7fce43e107948d92b9f42aa45a05081471d5affda018804ad1976a86bb2590d995dc04e4cbc89962d16582defb39e",
            "output_size": 1264,
            "source": [],
            "source_content": null,
            "source_content_filename": null,
            "source_dir": null,
            "source_file": "./../lambda/getQueries.py",
            "type": "zip"
          },
          "sensitive_attributes": []
        }
      ]
    },
    {
      "mode": "data",
      "type": "archive_file",
      "name": "lambda_save_messages_zip",
      "provider": "provider[\"registry.terraform.io/hashicorp/archive\"]",
      "instances": [
        {
          "schema_version": 0,
          "attributes": {
            "exclude_symlink_directories": null,
            "excludes": null,
            "id": "dfd74e22d31f77c6711723450f8de7fe7fd8cfba",
            "output_base64sha256": "c33fCdLDY53FuNbrFPNtuE6UepaDNpEQnYuRWv5lrDc=",
            "output_base64sha512": "ki7YGPsZPzUvISJjpjKUwTMkg9kU5P0juTccH19doYhUWaYfLPFsX2GCXPybxy6FmBeAu2xyHEJmZ4FaHExJsg==",
            "output_file_mode": null,
            "output_md5": "75433d176eb4d097a61fe50c31b796b7",
            "output_path": "./../lambda/saveMessages.zip",
            "output_sha": "dfd74e22d31f77c6711723450f8de7fe7fd8cfba",
            "output_sha256": "737ddf09d2c3639dc5b8d6eb14f36db84e947a96833691109d8b915afe65ac37",
            "output_sha512": "922ed818fb193f352f212263a63294c1332483d914e4fd23b9371c1f5f5da1885459a61f2cf16c5f61825cfc9bc72e85981780bb6c721c426667815a1c4c49b2",
            "output_size": 1597,
            "source": [],
            "source_content": null,
            "source_content_filename": null,
            "source_dir": null,
            "source_file": "./../lambda/saveMessages.py",
            "type": "zip"
          },
          "sensitive_attributes": []
        }
      ]
    },
    {
      "mode": "data",
      "type": "archive_file",
      "name": "lambda_send_to_sqs",
      "provider": "provider[\"registry.terraform.io/hashicorp/archive\"]",
      "instances": [
        {
          "schema_version": 0,
          "attributes": {
            "exclude_symlink_directories": null,
            "excludes": null,
            "id": "84bbb0363567bb475de30eb66cc2daeb42e6a214",
            "output_base64sha256": "qZJi7ft1FdEBlsGcovDt6fsNhrer+Vaor3WLoxdiCFo=",
            "output_base64sha512": "2LkjyqN0qcek9EkKj6aGGcC14/Ttwiohy69+j8YdqD4OE83fBmU1onhvbGQwlZItmMft/umPfDOi4Tw0PlhNFA==",
            "output_file_mode": null,
            "output_md5": "8d4669a41eb0ada29a9f96b9f3c67235",
            "output_path": "./../lambda/sendToSQS.zip",
            "output_sha": "84bbb0363567bb475de30eb66cc2daeb42e6a214",
            "output_sha256": "a99262edfb7515d10196c19ca2f0ede9fb0d86b7abf956a8af758ba31762085a",
            "output_sha512": "d8b923caa374a9c7a4f4490a8fa68619c0b5e3f4edc22a21cbaf7e8fc61da83e0e13cddf066535a2786f6c643095922d98c7edfee98f7c33a2e13c343e584d14",
            "output_size": 816,
            "source": [],
            "source_content": null,
            "source_content_filename": null,
            "source_dir": null,
            "source_file": "./../lambda/sendToSQS.py",
            "type": "zip"
          },
          "sensitive_attributes": []
        }
      ]
    },
    {
      "mode": "data",
      "type": "aws_s3_bucket",
      "name": "static_website",
      "provider": "provider[\"registry.terraform.io/hashicorp/aws\"]",
      "instances": [
        {
          "schema_version": 0,
          "attributes": {
            "arn": "arn:aws:s3:::project-simple-wedding-website",
            "bucket": "project-simple-wedding-website",
            "bucket_domain_name": "project-simple-wedding-website.s3.amazonaws.com",
            "bucket_regional_domain_name": "project-simple-wedding-website.s3.us-east-1.amazonaws.com",
            "hosted_zone_id": "Z3AQBSTGFYJSTF",
            "id": "project-simple-wedding-website",
            "region": "us-east-1",
            "website_domain": "s3-website-us-east-1.amazonaws.com",
            "website_endpoint": "project-simple-wedding-website.s3-website-us-east-1.amazonaws.com"
          },
          "sensitive_attributes": []
        }
      ]
    },
    {
      "mode": "data",
      "type": "aws_secretsmanager_secret",
      "name": "wedding_secrets",
      "provider": "provider[\"registry.terraform.io/hashicorp/aws\"]",
      "instances": [
        {
          "schema_version": 0,
          "attributes": {
            "arn": "arn:aws:secretsmanager:us-east-1:810962555117:secret:weddingWebSiteSecrets-F6OUNu",
            "created_date": "2025-05-02T19:40:16Z",
            "description": "Segredos para o site de casamento",
            "id": "arn:aws:secretsmanager:us-east-1:810962555117:secret:weddingWebSiteSecrets-F6OUNu",
            "kms_key_id": "",
            "last_changed_date": "2025-05-02T19:40:16Z",
            "name": "weddingWebSiteSecrets",
            "policy": "",
            "tags": {}
          },
          "sensitive_attributes": []
        }
      ]
    },
    {
      "mode": "managed",
      "type": "aws_apigatewayv2_api",
      "name": "wedding_website_api",
      "provider": "provider[\"registry.terraform.io/hashicorp/aws\"]",
      "instances": [
        {
          "schema_version": 0,
          "attributes": {
            "api_endpoint": "https://1rhr2d2dtk.execute-api.us-east-1.amazonaws.com",
            "api_key_selection_expression": "$request.header.x-api-key",
            "arn": "arn:aws:apigateway:us-east-1::/apis/1rhr2d2dtk",
            "body": null,
            "cors_configuration": [
              {
                "allow_credentials": false,
                "allow_headers": [
                  "authorization",
                  "content-type"
                ],
                "allow_methods": [
                  "GET",
                  "OPTIONS",
                  "POST"
                ],
                "allow_origins": [
                  "*"
                ],
                "expose_headers": [],
                "max_age": 0
              }
            ],
            "credentials_arn": null,
            "description": "",
            "disable_execute_api_endpoint": false,
            "execution_arn": "arn:aws:execute-api:us-east-1:810962555117:1rhr2d2dtk",
            "fail_on_warnings": null,
            "id": "1rhr2d2dtk",
            "name": "Wedding Website API",
            "protocol_type": "HTTP",
            "route_key": null,
            "route_selection_expression": "$request.method $request.path",
            "tags": {},
            "tags_all": {},
            "target": null,
            "version": ""
          },
          "sensitive_attributes": [],
          "private": "bnVsbA=="
        }
      ]
    },
    {
      "mode": "managed",
      "type": "aws_apigatewayv2_integration",
      "name": "get_compras_integration",
      "provider": "provider[\"registry.terraform.io/hashicorp/aws\"]",
      "instances": [
        {
          "schema_version": 0,
          "attributes": {
            "api_id": "1rhr2d2dtk",
            "connection_id": "",
            "connection_type": "INTERNET",
            "content_handling_strategy": "",
            "credentials_arn": "",
            "description": "",
            "id": "g911lav",
            "integration_method": "POST",
            "integration_response_selection_expression": "",
            "integration_subtype": "",
            "integration_type": "AWS_PROXY",
            "integration_uri": "arn:aws:apigateway:us-east-1:lambda:path/2015-03-31/functions/arn:aws:lambda:us-east-1:810962555117:function:get-queries/invocations",
            "passthrough_behavior": "",
            "payload_format_version": "1.0",
            "request_parameters": {},
            "request_templates": {},
            "response_parameters": [],
            "template_selection_expression": "",
            "timeout_milliseconds": 30000,
            "tls_config": []
          },
          "sensitive_attributes": [],
          "private": "bnVsbA==",
          "dependencies": [
            "aws_apigatewayv2_api.wedding_website_api",
            "aws_iam_role.lambda_role",
            "aws_lambda_function.get_queries",
            "aws_s3_bucket.sqlite_db_bucket",
            "data.archive_file.lambda_get_queries_zip"
          ]
        }
      ]
    },
    {
      "mode": "managed",
      "type": "aws_apigatewayv2_integration",
      "name": "get_confirmacoes_integration",
      "provider": "provider[\"registry.terraform.io/hashicorp/aws\"]",
      "instances": [
        {
          "schema_version": 0,
          "attributes": {
            "api_id": "1rhr2d2dtk",
            "connection_id": "",
            "connection_type": "INTERNET",
            "content_handling_strategy": "",
            "credentials_arn": "",
            "description": "",
            "id": "ypupcal",
            "integration_method": "POST",
            "integration_response_selection_expression": "",
            "integration_subtype": "",
            "integration_type": "AWS_PROXY",
            "integration_uri": "arn:aws:apigateway:us-east-1:lambda:path/2015-03-31/functions/arn:aws:lambda:us-east-1:810962555117:function:get-queries/invocations",
            "passthrough_behavior": "",
            "payload_format_version": "1.0",
            "request_parameters": {},
            "request_templates": {},
            "response_parameters": [],
            "template_selection_expression": "",
            "timeout_milliseconds": 30000,
            "tls_config": []
          },
          "sensitive_attributes": [],
          "private": "bnVsbA==",
          "dependencies": [
            "aws_apigatewayv2_api.wedding_website_api",
            "aws_iam_role.lambda_role",
            "aws_lambda_function.get_queries",
            "aws_s3_bucket.sqlite_db_bucket",
            "data.archive_file.lambda_get_queries_zip"
          ]
        }
      ]
    },
    {
      "mode": "managed",
      "type": "aws_apigatewayv2_integration",
      "name": "get_convidados_integration",
      "provider": "provider[\"registry.terraform.io/hashicorp/aws\"]",
      "instances": [
        {
          "schema_version": 0,
          "attributes": {
            "api_id": "1rhr2d2dtk",
            "connection_id": "",
            "connection_type": "INTERNET",
            "content_handling_strategy": "",
            "credentials_arn": "",
            "description": "",
            "id": "d1h8la7",
            "integration_method": "POST",
            "integration_response_selection_expression": "",
            "integration_subtype": "",
            "integration_type": "AWS_PROXY",
            "integration_uri": "arn:aws:apigateway:us-east-1:lambda:path/2015-03-31/functions/arn:aws:lambda:us-east-1:810962555117:function:get-convidados/invocations",
            "passthrough_behavior": "",
            "payload_format_version": "1.0",
            "request_parameters": {},
            "request_templates": {},
            "response_parameters": [],
            "template_selection_expression": "",
            "timeout_milliseconds": 30000,
            "tls_config": []
          },
          "sensitive_attributes": [],
          "private": "bnVsbA==",
          "dependencies": [
            "aws_apigatewayv2_api.wedding_website_api",
            "aws_iam_role.lambda_role",
            "aws_lambda_function.get_convidados",
            "aws_s3_bucket.sqlite_db_bucket",
            "data.archive_file.lambda_get_convidados_zip"
          ]
        }
      ]
    },
    {
      "mode": "managed",
      "type": "aws_apigatewayv2_integration",
      "name": "get_payment_link_integration",
      "provider": "provider[\"registry.terraform.io/hashicorp/aws\"]",
      "instances": [
        {
          "schema_version": 0,
          "attributes": {
            "api_id": "1rhr2d2dtk",
            "connection_id": "",
            "connection_type": "INTERNET",
            "content_handling_strategy": "",
            "credentials_arn": "",
            "description": "",
            "id": "827pnf5",
            "integration_method": "POST",
            "integration_response_selection_expression": "",
            "integration_subtype": "",
            "integration_type": "AWS_PROXY",
            "integration_uri": "arn:aws:apigateway:us-east-1:lambda:path/2015-03-31/functions/arn:aws:lambda:us-east-1:810962555117:function:get-payment-link/invocations",
            "passthrough_behavior": "",
            "payload_format_version": "1.0",
            "request_parameters": {},
            "request_templates": {},
            "response_parameters": [],
            "template_selection_expression": "",
            "timeout_milliseconds": 30000,
            "tls_config": []
          },
          "sensitive_attributes": [],
          "private": "bnVsbA==",
          "dependencies": [
            "aws_apigatewayv2_api.wedding_website_api",
            "aws_iam_role.lambda_role",
            "aws_lambda_function.get_payment_link",
            "data.archive_file.lambda_get_payment_link_zip",
            "data.aws_secretsmanager_secret.wedding_secrets"
          ]
        }
      ]
    },
    {
      "mode": "managed",
      "type": "aws_apigatewayv2_integration",
      "name": "get_pending_confirmations_integration",
      "provider": "provider[\"registry.terraform.io/hashicorp/aws\"]",
      "instances": [
        {
          "schema_version": 0,
          "attributes": {
            "api_id": "1rhr2d2dtk",
            "connection_id": "",
            "connection_type": "INTERNET",
            "content_handling_strategy": "",
            "credentials_arn": "",
            "description": "",
            "id": "cqf0llt",
            "integration_method": "POST",
            "integration_response_selection_expression": "",
            "integration_subtype": "",
            "integration_type": "AWS_PROXY",
            "integration_uri": "arn:aws:apigateway:us-east-1:lambda:path/2015-03-31/functions/arn:aws:lambda:us-east-1:810962555117:function:get-queries/invocations",
            "passthrough_behavior": "",
            "payload_format_version": "1.0",
            "request_parameters": {},
            "request_templates": {},
            "response_parameters": [],
            "template_selection_expression": "",
            "timeout_milliseconds": 30000,
            "tls_config": []
          },
          "sensitive_attributes": [],
          "private": "bnVsbA==",
          "dependencies": [
            "aws_apigatewayv2_api.wedding_website_api",
            "aws_iam_role.lambda_role",
            "aws_lambda_function.get_queries",
            "aws_s3_bucket.sqlite_db_bucket",
            "data.archive_file.lambda_get_queries_zip"
          ]
        }
      ]
    },
    {
      "mode": "managed",
      "type": "aws_apigatewayv2_integration",
      "name": "lambda_integration",
      "provider": "provider[\"registry.terraform.io/hashicorp/aws\"]",
      "instances": [
        {
          "schema_version": 0,
          "attributes": {
            "api_id": "1rhr2d2dtk",
            "connection_id": "",
            "connection_type": "INTERNET",
            "content_handling_strategy": "",
            "credentials_arn": "",
            "description": "",
            "id": "ba609m0",
            "integration_method": "POST",
            "integration_response_selection_expression": "",
            "integration_subtype": "",
            "integration_type": "AWS_PROXY",
            "integration_uri": "arn:aws:lambda:us-east-1:810962555117:function:get-convidados",
            "passthrough_behavior": "",
            "payload_format_version": "1.0",
            "request_parameters": {},
            "request_templates": {},
            "response_parameters": [],
            "template_selection_expression": "",
            "timeout_milliseconds": 30000,
            "tls_config": []
          },
          "sensitive_attributes": [],
          "private": "bnVsbA==",
          "dependencies": [
            "aws_apigatewayv2_api.wedding_website_api",
            "aws_iam_role.lambda_role",
            "aws_lambda_function.get_convidados",
            "aws_s3_bucket.sqlite_db_bucket",
            "data.archive_file.lambda_get_convidados_zip"
          ]
        }
      ]
    },
    {
      "mode": "managed",
      "type": "aws_apigatewayv2_integration",
      "name": "post_compra_integration",
      "provider": "provider[\"registry.terraform.io/hashicorp/aws\"]",
      "instances": [
        {
          "schema_version": 0,
          "attributes": {
            "api_id": "1rhr2d2dtk",
            "connection_id": "",
            "connection_type": "INTERNET",
            "content_handling_strategy": "",
            "credentials_arn": "",
            "description": "",
            "id": "piwvml6",
            "integration_method": "POST",
            "integration_response_selection_expression": "",
            "integration_subtype": "",
            "integration_type": "AWS_PROXY",
            "integration_uri": "arn:aws:apigateway:us-east-1:lambda:path/2015-03-31/functions/arn:aws:lambda:us-east-1:810962555117:function:send-to-sqs/invocations",
            "passthrough_behavior": "",
            "payload_format_version": "1.0",
            "request_parameters": {},
            "request_templates": {},
            "response_parameters": [],
            "template_selection_expression": "",
            "timeout_milliseconds": 30000,
            "tls_config": []
          },
          "sensitive_attributes": [],
          "private": "bnVsbA==",
          "dependencies": [
            "aws_apigatewayv2_api.wedding_website_api",
            "aws_iam_role.lambda_role",
            "aws_lambda_function.send_to_sqs",
            "aws_sqs_queue.write_dlq",
            "aws_sqs_queue.write_queue",
            "data.archive_file.lambda_send_to_sqs"
          ]
        }
      ]
    },
    {
      "mode": "managed",
      "type": "aws_apigatewayv2_integration",
      "name": "post_confirmacao_integration",
      "provider": "provider[\"registry.terraform.io/hashicorp/aws\"]",
      "instances": [
        {
          "schema_version": 0,
          "attributes": {
            "api_id": "1rhr2d2dtk",
            "connection_id": "",
            "connection_type": "INTERNET",
            "content_handling_strategy": "",
            "credentials_arn": "",
            "description": "",
            "id": "uyefppk",
            "integration_method": "POST",
            "integration_response_selection_expression": "",
            "integration_subtype": "",
            "integration_type": "AWS_PROXY",
            "integration_uri": "arn:aws:apigateway:us-east-1:lambda:path/2015-03-31/functions/arn:aws:lambda:us-east-1:810962555117:function:send-to-sqs/invocations",
            "passthrough_behavior": "",
            "payload_format_version": "1.0",
            "request_parameters": {},
            "request_templates": {},
            "response_parameters": [],
            "template_selection_expression": "",
            "timeout_milliseconds": 30000,
            "tls_config": []
          },
          "sensitive_attributes": [],
          "private": "bnVsbA==",
          "dependencies": [
            "aws_apigatewayv2_api.wedding_website_api",
            "aws_iam_role.lambda_role",
            "aws_lambda_function.send_to_sqs",
            "aws_sqs_queue.write_dlq",
            "aws_sqs_queue.write_queue",
            "data.archive_file.lambda_send_to_sqs"
          ]
        }
      ]
    },
    {
      "mode": "managed",
      "type": "aws_apigatewayv2_route",
      "name": "get_compras_route",
      "provider": "provider[\"registry.terraform.io/hashicorp/aws\"]",
      "instances": [
        {
          "schema_version": 0,
          "attributes": {
            "api_id": "1rhr2d2dtk",
            "api_key_required": false,
            "authorization_scopes": [],
            "authorization_type": "NONE",
            "authorizer_id": "",
            "id": "8jqtsf4",
            "model_selection_expression": "",
            "operation_name": "",
            "request_models": {},
            "request_parameter": [],
            "route_key": "GET /get-compras",
            "route_response_selection_expression": "",
            "target": "integrations/g911lav"
          },
          "sensitive_attributes": [],
          "private": "bnVsbA==",
          "dependencies": [
            "aws_apigatewayv2_api.wedding_website_api",
            "aws_apigatewayv2_integration.get_compras_integration",
            "aws_iam_role.lambda_role",
            "aws_lambda_function.get_queries",
            "aws_s3_bucket.sqlite_db_bucket",
            "data.archive_file.lambda_get_queries_zip"
          ]
        }
      ]
    },
    {
      "mode": "managed",
      "type": "aws_apigatewayv2_route",
      "name": "get_confirmacoes_route",
      "provider": "provider[\"registry.terraform.io/hashicorp/aws\"]",
      "instances": [
        {
          "schema_version": 0,
          "attributes": {
            "api_id": "1rhr2d2dtk",
            "api_key_required": false,
            "authorization_scopes": [],
            "authorization_type": "NONE",
            "authorizer_id": "",
            "id": "az7z5na",
            "model_selection_expression": "",
            "operation_name": "",
            "request_models": {},
            "request_parameter": [],
            "route_key": "GET /get-confirmacoes",
            "route_response_selection_expression": "",
            "target": "integrations/ypupcal"
          },
          "sensitive_attributes": [],
          "private": "bnVsbA==",
          "dependencies": [
            "aws_apigatewayv2_api.wedding_website_api",
            "aws_apigatewayv2_integration.get_confirmacoes_integration",
            "aws_iam_role.lambda_role",
            "aws_lambda_function.get_queries",
            "aws_s3_bucket.sqlite_db_bucket",
            "data.archive_file.lambda_get_queries_zip"
          ]
        }
      ]
    },
    {
      "mode": "managed",
      "type": "aws_apigatewayv2_route",
      "name": "get_convidados_route",
      "provider": "provider[\"registry.terraform.io/hashicorp/aws\"]",
      "instances": [
        {
          "schema_version": 0,
          "attributes": {
            "api_id": "1rhr2d2dtk",
            "api_key_required": false,
            "authorization_scopes": [],
            "authorization_type": "NONE",
            "authorizer_id": "",
            "id": "dlzjtxf",
            "model_selection_expression": "",
            "operation_name": "",
            "request_models": {},
            "request_parameter": [],
            "route_key": "GET /get-convidados",
            "route_response_selection_expression": "",
            "target": "integrations/d1h8la7"
          },
          "sensitive_attributes": [],
          "private": "bnVsbA==",
          "dependencies": [
            "aws_apigatewayv2_api.wedding_website_api",
            "aws_apigatewayv2_integration.get_convidados_integration",
            "aws_iam_role.lambda_role",
            "aws_lambda_function.get_convidados",
            "aws_s3_bucket.sqlite_db_bucket",
            "data.archive_file.lambda_get_convidados_zip"
          ]
        }
      ]
    },
    {
      "mode": "managed",
      "type": "aws_apigatewayv2_route",
      "name": "get_payment_link_route",
      "provider": "provider[\"registry.terraform.io/hashicorp/aws\"]",
      "instances": [
        {
          "schema_version": 0,
          "attributes": {
            "api_id": "1rhr2d2dtk",
            "api_key_required": false,
            "authorization_scopes": [],
            "authorization_type": "NONE",
            "authorizer_id": "",
            "id": "30wg191",
            "model_selection_expression": "",
            "operation_name": "",
            "request_models": {},
            "request_parameter": [],
            "route_key": "POST /get-payment-link",
            "route_response_selection_expression": "",
            "target": "integrations/827pnf5"
          },
          "sensitive_attributes": [],
          "private": "bnVsbA==",
          "dependencies": [
            "aws_apigatewayv2_api.wedding_website_api",
            "aws_apigatewayv2_integration.get_payment_link_integration",
            "aws_iam_role.lambda_role",
            "aws_lambda_function.get_payment_link",
            "data.archive_file.lambda_get_payment_link_zip",
            "data.aws_secretsmanager_secret.wedding_secrets"
          ]
        }
      ]
    },
    {
      "mode": "managed",
      "type": "aws_apigatewayv2_route",
      "name": "get_pending_confirmations_route",
      "provider": "provider[\"registry.terraform.io/hashicorp/aws\"]",
      "instances": [
        {
          "schema_version": 0,
          "attributes": {
            "api_id": "1rhr2d2dtk",
            "api_key_required": false,
            "authorization_scopes": [],
            "authorization_type": "NONE",
            "authorizer_id": "",
            "id": "x1fu6tu",
            "model_selection_expression": "",
            "operation_name": "",
            "request_models": {},
            "request_parameter": [],
            "route_key": "GET /get-pending-confirmations",
            "route_response_selection_expression": "",
            "target": "integrations/cqf0llt"
          },
          "sensitive_attributes": [],
          "private": "bnVsbA==",
          "dependencies": [
            "aws_apigatewayv2_api.wedding_website_api",
            "aws_apigatewayv2_integration.get_pending_confirmations_integration",
            "aws_iam_role.lambda_role",
            "aws_lambda_function.get_queries",
            "aws_s3_bucket.sqlite_db_bucket",
            "data.archive_file.lambda_get_queries_zip"
          ]
        }
      ]
    },
    {
      "mode": "managed",
      "type": "aws_apigatewayv2_route",
      "name": "options_route",
      "provider": "provider[\"registry.terraform.io/hashicorp/aws\"]",
      "instances": [
        {
          "schema_version": 0,
          "attributes": {
            "api_id": "1rhr2d2dtk",
            "api_key_required": false,
            "authorization_scopes": [],
            "authorization_type": "NONE",
            "authorizer_id": "",
            "id": "cuqpnsl",
            "model_selection_expression": "",
            "operation_name": "",
            "request_models": {},
            "request_parameter": [],
            "route_key": "OPTIONS /get-convidados",
            "route_response_selection_expression": "",
            "target": "integrations/d1h8la7"
          },
          "sensitive_attributes": [],
          "private": "bnVsbA==",
          "dependencies": [
            "aws_apigatewayv2_api.wedding_website_api",
            "aws_apigatewayv2_integration.get_convidados_integration",
            "aws_iam_role.lambda_role",
            "aws_lambda_function.get_convidados",
            "aws_s3_bucket.sqlite_db_bucket",
            "data.archive_file.lambda_get_convidados_zip"
          ]
        }
      ]
    },
    {
      "mode": "managed",
      "type": "aws_apigatewayv2_route",
      "name": "options_route_get_confirmacoes",
      "provider": "provider[\"registry.terraform.io/hashicorp/aws\"]",
      "instances": [
        {
          "schema_version": 0,
          "attributes": {
            "api_id": "1rhr2d2dtk",
            "api_key_required": false,
            "authorization_scopes": [],
            "authorization_type": "NONE",
            "authorizer_id": "",
            "id": "v9rb7fi",
            "model_selection_expression": "",
            "operation_name": "",
            "request_models": {},
            "request_parameter": [],
            "route_key": "OPTIONS /get-confirmacoes",
            "route_response_selection_expression": "",
            "target": "integrations/ypupcal"
          },
          "sensitive_attributes": [],
          "private": "bnVsbA==",
          "dependencies": [
            "aws_apigatewayv2_api.wedding_website_api",
            "aws_apigatewayv2_integration.get_confirmacoes_integration",
            "aws_iam_role.lambda_role",
            "aws_lambda_function.get_queries",
            "aws_s3_bucket.sqlite_db_bucket",
            "data.archive_file.lambda_get_queries_zip"
          ]
        }
      ]
    },
    {
      "mode": "managed",
      "type": "aws_apigatewayv2_route",
      "name": "post_compra_route",
      "provider": "provider[\"registry.terraform.io/hashicorp/aws\"]",
      "instances": [
        {
          "schema_version": 0,
          "attributes": {
            "api_id": "1rhr2d2dtk",
            "api_key_required": false,
            "authorization_scopes": [],
            "authorization_type": "NONE",
            "authorizer_id": "",
            "id": "og8wqc6",
            "model_selection_expression": "",
            "operation_name": "",
            "request_models": {},
            "request_parameter": [],
            "route_key": "POST /post-compra",
            "route_response_selection_expression": "",
            "target": "integrations/piwvml6"
          },
          "sensitive_attributes": [],
          "private": "bnVsbA==",
          "dependencies": [
            "aws_apigatewayv2_api.wedding_website_api",
            "aws_apigatewayv2_integration.post_compra_integration",
            "aws_iam_role.lambda_role",
            "aws_lambda_function.send_to_sqs",
            "aws_sqs_queue.write_dlq",
            "aws_sqs_queue.write_queue",
            "data.archive_file.lambda_send_to_sqs"
          ]
        }
      ]
    },
    {
      "mode": "managed",
      "type": "aws_apigatewayv2_route",
      "name": "post_confirmacao_route",
      "provider": "provider[\"registry.terraform.io/hashicorp/aws\"]",
      "instances": [
        {
          "schema_version": 0,
          "attributes": {
            "api_id": "1rhr2d2dtk",
            "api_key_required": false,
            "authorization_scopes": [],
            "authorization_type": "NONE",
            "authorizer_id": "",
            "id": "77uufvt",
            "model_selection_expression": "",
            "operation_name": "",
            "request_models": {},
            "request_parameter": [],
            "route_key": "POST /post-confirmacao",
            "route_response_selection_expression": "",
            "target": "integrations/uyefppk"
          },
          "sensitive_attributes": [],
          "private": "bnVsbA==",
          "dependencies": [
            "aws_apigatewayv2_api.wedding_website_api",
            "aws_apigatewayv2_integration.post_confirmacao_integration",
            "aws_iam_role.lambda_role",
            "aws_lambda_function.send_to_sqs",
            "aws_sqs_queue.write_dlq",
            "aws_sqs_queue.write_queue",
            "data.archive_file.lambda_send_to_sqs"
          ]
        }
      ]
    },
    {
      "mode": "managed",
      "type": "aws_apigatewayv2_stage",
      "name": "api_stage",
      "provider": "provider[\"registry.terraform.io/hashicorp/aws\"]",
      "instances": [
        {
          "schema_version": 0,
          "attributes": {
            "access_log_settings": [],
            "api_id": "1rhr2d2dtk",
            "arn": "arn:aws:apigateway:us-east-1::/apis/1rhr2d2dtk/stages/prod",
            "auto_deploy": true,
            "client_certificate_id": "",
            "default_route_settings": [
              {
                "data_trace_enabled": false,
                "detailed_metrics_enabled": false,
                "logging_level": "",
                "throttling_burst_limit": 5,
                "throttling_rate_limit": 10
              }
            ],
            "deployment_id": "bx31he",
            "description": "",
            "execution_arn": "arn:aws:execute-api:us-east-1:810962555117:1rhr2d2dtk/prod",
            "id": "prod",
            "invoke_url": "https://1rhr2d2dtk.execute-api.us-east-1.amazonaws.com/prod",
            "name": "prod",
            "route_settings": [],
            "stage_variables": {},
            "tags": {},
            "tags_all": {}
          },
          "sensitive_attributes": [],
          "private": "bnVsbA==",
          "dependencies": [
            "aws_apigatewayv2_api.wedding_website_api"
          ]
        }
      ]
    },
    {
      "mode": "managed",
      "type": "aws_iam_policy",
      "name": "lambda_policy",
      "provider": "provider[\"registry.terraform.io/hashicorp/aws\"]",
      "instances": [
        {
          "schema_version": 0,
          "attributes": {
            "arn": "arn:aws:iam::810962555117:policy/wedding-lambda-policy",
            "attachment_count": 1,
            "description": "",
            "id": "arn:aws:iam::810962555117:policy/wedding-lambda-policy",
            "name": "wedding-lambda-policy",
            "name_prefix": "",
            "path": "/",
            "policy": "{\"Statement\":[{\"Action\":[\"sqs:SendMessage\",\"sqs:ReceiveMessage\",\"sqs:DeleteMessage\",\"sqs:GetQueueAttributes\"],\"Effect\":\"Allow\",\"Resource\":\"arn:aws:sqs:us-east-1:810962555117:wedding-write-queue\"},{\"Action\":[\"s3:GetObject\",\"s3:PutObject\",\"s3:ListBucket\",\"s3:PutObject\",\"s3:HeadObject\",\"s3:PutObjectAcl\",\"s3:GetObjectAcl\"],\"Effect\":\"Allow\",\"Resource\":[\"arn:aws:s3:::project-simple-wedding-website/*\",\"arn:aws:s3:::project-simple-wedding-website\",\"arn:aws:s3:::sqlite-db-project-sww\",\"arn:aws:s3:::sqlite-db-project-sww/*\"]},{\"Action\":[\"logs:CreateLogGroup\",\"logs:CreateLogStream\",\"logs:PutLogEvents\"],\"Effect\":\"Allow\",\"Resource\":\"*\"},{\"Action\":[\"secretsmanager:GetSecretValue\",\"secretsmanager:DescribeSecret\"],\"Effect\":\"Allow\",\"Resource\":\"arn:aws:secretsmanager:us-east-1:810962555117:secret:weddingWebSiteSecrets-F6OUNu\"}],\"Version\":\"2012-10-17\"}",
            "policy_id": "ANPA3ZUJCSDWQYWIBZ2D3",
            "tags": {},
            "tags_all": {}
          },
          "sensitive_attributes": [],
          "private": "bnVsbA==",
          "dependencies": [
            "aws_s3_bucket.sqlite_db_bucket",
            "aws_sqs_queue.write_dlq",
            "aws_sqs_queue.write_queue",
            "data.aws_s3_bucket.static_website",
            "data.aws_secretsmanager_secret.wedding_secrets"
          ]
        }
      ]
    },
    {
      "mode": "managed",
      "type": "aws_iam_role",
      "name": "apigateway_role",
      "provider": "provider[\"registry.terraform.io/hashicorp/aws\"]",
      "instances": [
        {
          "schema_version": 0,
          "attributes": {
            "arn": "arn:aws:iam::810962555117:role/ApiGatewaySqsRole",
            "assume_role_policy": "{\"Statement\":[{\"Action\":\"sts:AssumeRole\",\"Effect\":\"Allow\",\"Principal\":{\"Service\":\"apigateway.amazonaws.com\"}}],\"Version\":\"2012-10-17\"}",
            "create_date": "2025-01-14T14:04:58Z",
            "description": "",
            "force_detach_policies": false,
            "id": "ApiGatewaySqsRole",
            "inline_policy": [
              {
                "name": "ApiGatewaySQSPolicy",
                "policy": "{\"Version\":\"2012-10-17\",\"Statement\":[{\"Action\":\"sqs:SendMessage\",\"Effect\":\"Allow\",\"Resource\":\"arn:aws:sqs:us-east-1:810962555117:wedding-write-queue\"}]}"
              }
            ],
            "managed_policy_arns": [],
            "max_session_duration": 3600,
            "name": "ApiGatewaySqsRole",
            "name_prefix": "",
            "path": "/",
            "permissions_boundary": "",
            "tags": {},
            "tags_all": {},
            "unique_id": "AROA3ZUJCSDWXULQIEI6O"
          },
          "sensitive_attributes": [],
          "private": "bnVsbA=="
        }
      ]
    },
    {
      "mode": "managed",
      "type": "aws_iam_role",
      "name": "lambda_role",
      "provider": "provider[\"registry.terraform.io/hashicorp/aws\"]",
      "instances": [
        {
          "schema_version": 0,
          "attributes": {
            "arn": "arn:aws:iam::810962555117:role/wedding-lambda-role",
            "assume_role_policy": "{\"Statement\":[{\"Action\":\"sts:AssumeRole\",\"Effect\":\"Allow\",\"Principal\":{\"Service\":\"lambda.amazonaws.com\"}}],\"Version\":\"2012-10-17\"}",
            "create_date": "2025-01-13T21:16:16Z",
            "description": "",
            "force_detach_policies": false,
            "id": "wedding-lambda-role",
            "inline_policy": [],
            "managed_policy_arns": [
              "arn:aws:iam::810962555117:policy/wedding-lambda-policy"
            ],
            "max_session_duration": 3600,
            "name": "wedding-lambda-role",
            "name_prefix": "",
            "path": "/",
            "permissions_boundary": "",
            "tags": {},
            "tags_all": {},
            "unique_id": "AROA3ZUJCSDWR53B5S5GH"
          },
          "sensitive_attributes": [],
          "private": "bnVsbA=="
        }
      ]
    },
    {
      "mode": "managed",
      "type": "aws_iam_role_policy",
      "name": "apigateway_sqs_policy",
      "provider": "provider[\"registry.terraform.io/hashicorp/aws\"]",
      "instances": [
        {
          "schema_version": 0,
          "attributes": {
            "id": "ApiGatewaySqsRole:ApiGatewaySQSPolicy",
            "name": "ApiGatewaySQSPolicy",
            "name_prefix": "",
            "policy": "{\"Version\":\"2012-10-17\",\"Statement\":[{\"Action\":\"sqs:SendMessage\",\"Effect\":\"Allow\",\"Resource\":\"arn:aws:sqs:us-east-1:810962555117:wedding-write-queue\"}]}",
            "role": "ApiGatewaySqsRole"
          },
          "sensitive_attributes": [],
          "private": "bnVsbA==",
          "dependencies": [
            "aws_iam_role.apigateway_role",
            "aws_sqs_queue.write_dlq",
            "aws_sqs_queue.write_queue"
          ]
        }
      ]
    },
    {
      "mode": "managed",
      "type": "aws_iam_role_policy_attachment",
      "name": "lambda_role_attach",
      "provider": "provider[\"registry.terraform.io/hashicorp/aws\"]",
      "instances": [
        {
          "schema_version": 0,
          "attributes": {
            "id": "wedding-lambda-role-20250113211644262500000001",
            "policy_arn": "arn:aws:iam::810962555117:policy/wedding-lambda-policy",
            "role": "wedding-lambda-role"
          },
          "sensitive_attributes": [],
          "private": "bnVsbA==",
          "dependencies": [
            "aws_iam_policy.lambda_policy",
            "aws_iam_role.lambda_role",
            "aws_s3_bucket.sqlite_db_bucket",
            "aws_sqs_queue.write_dlq",
            "aws_sqs_queue.write_queue",
            "data.aws_s3_bucket.static_website",
            "data.aws_secretsmanager_secret.wedding_secrets"
          ]
        }
      ]
    },
    {
      "mode": "managed",
      "type": "aws_lambda_event_source_mapping",
      "name": "sqs_trigger",
      "provider": "provider[\"registry.terraform.io/hashicorp/aws\"]",
      "instances": [
        {
          "schema_version": 0,
          "attributes": {
            "amazon_managed_kafka_event_source_config": [],
            "arn": "arn:aws:lambda:us-east-1:810962555117:event-source-mapping:cfa24e5a-0861-4369-9d14-951b5569c323",
            "batch_size": 5,
            "bisect_batch_on_function_error": false,
            "destination_config": [],
            "document_db_event_source_config": [],
            "enabled": true,
            "event_source_arn": "arn:aws:sqs:us-east-1:810962555117:wedding-write-queue",
            "filter_criteria": [],
            "function_arn": "arn:aws:lambda:us-east-1:810962555117:function:save-messages",
            "function_name": "arn:aws:lambda:us-east-1:810962555117:function:save-messages",
            "function_response_types": [
              "ReportBatchItemFailures"
            ],
            "id": "cfa24e5a-0861-4369-9d14-951b5569c323",
            "kms_key_arn": "",
            "last_modified": "2025-05-24T02:43:08Z",
            "last_processing_result": "",
            "maximum_batching_window_in_seconds": 0,
            "maximum_record_age_in_seconds": 0,
            "maximum_retry_attempts": 0,
            "metrics_config": [],
            "parallelization_factor": 0,
            "provisioned_poller_config": [],
            "queues": [],
            "scaling_config": [],
            "self_managed_event_source": [],
            "self_managed_kafka_event_source_config": [],
            "source_access_configuration": [],
            "starting_position": "",
            "starting_position_timestamp": "",
            "state": "Enabled",
            "state_transition_reason": "USER_INITIATED",
            "tags": {},
            "tags_all": {},
            "topics": [],
            "tumbling_window_in_seconds": 0,
            "uuid": "cfa24e5a-0861-4369-9d14-951b5569c323"
          },
          "sensitive_attributes": [],
          "private": "bnVsbA==",
          "dependencies": [
            "aws_iam_role.lambda_role",
            "aws_lambda_function.save_messages",
            "aws_s3_bucket.sqlite_db_bucket",
            "aws_sqs_queue.write_dlq",
            "aws_sqs_queue.write_queue",
            "data.archive_file.lambda_save_messages_zip"
          ]
        }
      ]
    },
    {
      "mode": "managed",
      "type": "aws_lambda_function",
      "name": "get_convidados",
      "provider": "provider[\"registry.terraform.io/hashicorp/aws\"]",
      "instances": [
        {
          "schema_version": 0,
          "attributes": {
            "architectures": [
              "x86_64"
            ],
            "arn": "arn:aws:lambda:us-east-1:810962555117:function:get-convidados",
            "code_sha256": "quMPhypE5D08OGZcEC3FCpCw9IIhL1NkSq5qQi/t4Ls=",
            "code_signing_config_arn": "",
            "dead_letter_config": [],
            "description": "",
            "environment": [
              {
                "variables": {
                  "DB_NAME": "wedding.db",
                  "S3_BUCKET": "sqlite-db-project-sww"
                }
              }
            ],
            "ephemeral_storage": [
              {
                "size": 512
              }
            ],
            "file_system_config": [],
            "filename": "./../lambda/getConvidados.zip",
            "function_name": "get-convidados",
            "handler": "getConvidados.lambda_handler",
            "id": "get-convidados",
            "image_config": [],
            "image_uri": "",
            "invoke_arn": "arn:aws:apigateway:us-east-1:lambda:path/2015-03-31/functions/arn:aws:lambda:us-east-1:810962555117:function:get-convidados/invocations",
            "kms_key_arn": "",
            "last_modified": "2025-05-31T22:16:42.000+0000",
            "layers": [],
            "logging_config": [
              {
                "application_log_level": "",
                "log_format": "Text",
                "log_group": "/aws/lambda/get-convidados",
                "system_log_level": ""
              }
            ],
            "memory_size": 128,
            "package_type": "Zip",
            "publish": false,
            "qualified_arn": "arn:aws:lambda:us-east-1:810962555117:function:get-convidados:$LATEST",
            "qualified_invoke_arn": "arn:aws:apigateway:us-east-1:lambda:path/2015-03-31/functions/arn:aws:lambda:us-east-1:810962555117:function:get-convidados:$LATEST/invocations",
            "replace_security_groups_on_destroy": null,
            "replacement_security_group_ids": null,
            "reserved_concurrent_executions": -1,
            "role": "arn:aws:iam::810962555117:role/wedding-lambda-role",
            "runtime": "python3.12",
            "s3_bucket": null,
            "s3_key": null,
            "s3_object_version": null,
            "signing_job_arn": "",
            "signing_profile_version_arn": "",
            "skip_destroy": false,
            "snap_start": [],
            "source_code_hash": "quMPhypE5D08OGZcEC3FCpCw9IIhL1NkSq5qQi/t4Ls=",
            "source_code_size": 708,
            "tags": {},
            "tags_all": {},
            "timeout": 10,
            "timeouts": null,
            "tracing_config": [
              {
                "mode": "PassThrough"
              }
            ],
            "version": "$LATEST",
            "vpc_config": []
          },
          "sensitive_attributes": [],
          "private": "eyJlMmJmYjczMC1lY2FhLTExZTYtOGY4OC0zNDM2M2JjN2M0YzAiOnsiY3JlYXRlIjo2MDAwMDAwMDAwMDAsImRlbGV0ZSI6NjAwMDAwMDAwMDAwLCJ1cGRhdGUiOjYwMDAwMDAwMDAwMH19",
          "dependencies": [
            "aws_iam_role.lambda_role",
            "aws_s3_bucket.sqlite_db_bucket",
            "data.archive_file.lambda_get_convidados_zip"
          ]
        }
      ]
    },
    {
      "mode": "managed",
      "type": "aws_lambda_function",
      "name": "get_payment_link",
      "provider": "provider[\"registry.terraform.io/hashicorp/aws\"]",
      "instances": [
        {
          "schema_version": 0,
          "attributes": {
            "architectures": [
              "x86_64"
            ],
            "arn": "arn:aws:lambda:us-east-1:810962555117:function:get-payment-link",
            "code_sha256": "EzwUKskT8w3ED6KaVqS3NAdT/H78NNyI+TJkuqWTceM=",
            "code_signing_config_arn": "",
            "dead_letter_config": [],
            "description": "",
            "environment": [
              {
                "variables": {
                  "SECRET_NAME": "weddingWebSiteSecrets"
                }
              }
            ],
            "ephemeral_storage": [
              {
                "size": 512
              }
            ],
            "file_system_config": [],
            "filename": "./../lambda/getPaymentLink.zip",
            "function_name": "get-payment-link",
            "handler": "getPaymentLink.lambda_handler",
            "id": "get-payment-link",
            "image_config": [],
            "image_uri": "",
            "invoke_arn": "arn:aws:apigateway:us-east-1:lambda:path/2015-03-31/functions/arn:aws:lambda:us-east-1:810962555117:function:get-payment-link/invocations",
            "kms_key_arn": "",
            "last_modified": "2025-07-26T01:14:11.000+0000",
            "layers": [],
            "logging_config": [
              {
                "application_log_level": "",
                "log_format": "Text",
                "log_group": "/aws/lambda/get-payment-link",
                "system_log_level": ""
              }
            ],
            "memory_size": 128,
            "package_type": "Zip",
            "publish": false,
            "qualified_arn": "arn:aws:lambda:us-east-1:810962555117:function:get-payment-link:$LATEST",
            "qualified_invoke_arn": "arn:aws:apigateway:us-east-1:lambda:path/2015-03-31/functions/arn:aws:lambda:us-east-1:810962555117:function:get-payment-link:$LATEST/invocations",
            "replace_security_groups_on_destroy": null,
            "replacement_security_group_ids": null,
            "reserved_concurrent_executions": -1,
            "role": "arn:aws:iam::810962555117:role/wedding-lambda-role",
            "runtime": "python3.12",
            "s3_bucket": null,
            "s3_key": null,
            "s3_object_version": null,
            "signing_job_arn": "",
            "signing_profile_version_arn": "",
            "skip_destroy": false,
            "snap_start": [],
            "source_code_hash": "EzwUKskT8w3ED6KaVqS3NAdT/H78NNyI+TJkuqWTceM=",
            "source_code_size": 1076122,
            "tags": {},
            "tags_all": {},
            "timeout": 30,
            "timeouts": null,
            "tracing_config": [
              {
                "mode": "PassThrough"
              }
            ],
            "version": "$LATEST",
            "vpc_config": []
          },
          "sensitive_attributes": [],
          "private": "eyJlMmJmYjczMC1lY2FhLTExZTYtOGY4OC0zNDM2M2JjN2M0YzAiOnsiY3JlYXRlIjo2MDAwMDAwMDAwMDAsImRlbGV0ZSI6NjAwMDAwMDAwMDAwLCJ1cGRhdGUiOjYwMDAwMDAwMDAwMH19",
          "dependencies": [
            "aws_iam_role.lambda_role",
            "data.archive_file.lambda_get_payment_link_zip",
            "data.aws_secretsmanager_secret.wedding_secrets"
          ]
        }
      ]
    },
    {
      "mode": "managed",
      "type": "aws_lambda_function",
      "name": "get_queries",
      "provider": "provider[\"registry.terraform.io/hashicorp/aws\"]",
      "instances": [
        {
          "schema_version": 0,
          "attributes": {
            "architectures": [
              "x86_64"
            ],
            "arn": "arn:aws:lambda:us-east-1:810962555117:function:get-queries",
            "code_sha256": "fyVQJ7eTYW2D91LYoKux/IksL4ZxB/Hkbe8kVH5lqM0=",
            "code_signing_config_arn": "",
            "dead_letter_config": [],
            "description": "",
            "environment": [
              {
                "variables": {
                  "DB_NAME": "wedding.db",
                  "S3_BUCKET": "sqlite-db-project-sww"
                }
              }
            ],
            "ephemeral_storage": [
              {
                "size": 512
              }
            ],
            "file_system_config": [],
            "filename": "./../lambda/getQueries.zip",
            "function_name": "get-queries",
            "handler": "getQueries.lambda_handler",
            "id": "get-queries",
            "image_config": [],
            "image_uri": "",
            "invoke_arn": "arn:aws:apigateway:us-east-1:lambda:path/2015-03-31/functions/arn:aws:lambda:us-east-1:810962555117:function:get-queries/invocations",
            "kms_key_arn": "",
            "last_modified": "2025-07-26T03:04:17.000+0000",
            "layers": [],
            "logging_config": [
              {
                "application_log_level": "",
                "log_format": "Text",
                "log_group": "/aws/lambda/get-queries",
                "system_log_level": ""
              }
            ],
            "memory_size": 128,
            "package_type": "Zip",
            "publish": false,
            "qualified_arn": "arn:aws:lambda:us-east-1:810962555117:function:get-queries:$LATEST",
            "qualified_invoke_arn": "arn:aws:apigateway:us-east-1:lambda:path/2015-03-31/functions/arn:aws:lambda:us-east-1:810962555117:function:get-queries:$LATEST/invocations",
            "replace_security_groups_on_destroy": null,
            "replacement_security_group_ids": null,
            "reserved_concurrent_executions": -1,
            "role": "arn:aws:iam::810962555117:role/wedding-lambda-role",
            "runtime": "python3.12",
            "s3_bucket": null,
            "s3_key": null,
            "s3_object_version": null,
            "signing_job_arn": "",
            "signing_profile_version_arn": "",
            "skip_destroy": false,
            "snap_start": [],
            "source_code_hash": "fyVQJ7eTYW2D91LYoKux/IksL4ZxB/Hkbe8kVH5lqM0=",
            "source_code_size": 1264,
            "tags": {},
            "tags_all": {},
            "timeout": 30,
            "timeouts": null,
            "tracing_config": [
              {
                "mode": "PassThrough"
              }
            ],
            "version": "$LATEST",
            "vpc_config": []
          },
          "sensitive_attributes": [],
          "private": "eyJlMmJmYjczMC1lY2FhLTExZTYtOGY4OC0zNDM2M2JjN2M0YzAiOnsiY3JlYXRlIjo2MDAwMDAwMDAwMDAsImRlbGV0ZSI6NjAwMDAwMDAwMDAwLCJ1cGRhdGUiOjYwMDAwMDAwMDAwMH19",
          "dependencies": [
            "aws_iam_role.lambda_role",
            "aws_s3_bucket.sqlite_db_bucket",
            "data.archive_file.lambda_get_queries_zip"
          ]
        }
      ]
    },
    {
      "mode": "managed",
      "type": "aws_lambda_function",
      "name": "save_messages",
      "provider": "provider[\"registry.terraform.io/hashicorp/aws\"]",
      "instances": [
        {
          "schema_version": 0,
          "attributes": {
            "architectures": [
              "x86_64"
            ],
            "arn": "arn:aws:lambda:us-east-1:810962555117:function:save-messages",
            "code_sha256": "c33fCdLDY53FuNbrFPNtuE6UepaDNpEQnYuRWv5lrDc=",
            "code_signing_config_arn": "",
            "dead_letter_config": [],
            "description": "",
            "environment": [
              {
                "variables": {
                  "DB_NAME": "wedding.db",
                  "S3_BUCKET": "sqlite-db-project-sww",
                  "SQS_QUEUE": "https://sqs.us-east-1.amazonaws.com/810962555117/wedding-write-queue"
                }
              }
            ],
            "ephemeral_storage": [
              {
                "size": 512
              }
            ],
            "file_system_config": [],
            "filename": "./../lambda/saveMessages.zip",
            "function_name": "save-messages",
            "handler": "saveMessages.lambda_handler",
            "id": "save-messages",
            "image_config": [],
            "image_uri": "",
            "invoke_arn": "arn:aws:apigateway:us-east-1:lambda:path/2015-03-31/functions/arn:aws:lambda:us-east-1:810962555117:function:save-messages/invocations",
            "kms_key_arn": "",
            "last_modified": "2025-05-25T00:25:21.000+0000",
            "layers": [],
            "logging_config": [
              {
                "application_log_level": "",
                "log_format": "Text",
                "log_group": "/aws/lambda/save-messages",
                "system_log_level": ""
              }
            ],
            "memory_size": 128,
            "package_type": "Zip",
            "publish": false,
            "qualified_arn": "arn:aws:lambda:us-east-1:810962555117:function:save-messages:$LATEST",
            "qualified_invoke_arn": "arn:aws:apigateway:us-east-1:lambda:path/2015-03-31/functions/arn:aws:lambda:us-east-1:810962555117:function:save-messages:$LATEST/invocations",
            "replace_security_groups_on_destroy": null,
            "replacement_security_group_ids": null,
            "reserved_concurrent_executions": -1,
            "role": "arn:aws:iam::810962555117:role/wedding-lambda-role",
            "runtime": "python3.12",
            "s3_bucket": null,
            "s3_key": null,
            "s3_object_version": null,
            "signing_job_arn": "",
            "signing_profile_version_arn": "",
            "skip_destroy": false,
            "snap_start": [],
            "source_code_hash": "c33fCdLDY53FuNbrFPNtuE6UepaDNpEQnYuRWv5lrDc=",
            "source_code_size": 1597,
            "tags": {},
            "tags_all": {},
            "timeout": 30,
            "timeouts": null,
            "tracing_config": [
              {
                "mode": "PassThrough"
              }
            ],
            "version": "$LATEST",
            "vpc_config": []
          },
          "sensitive_attributes": [],
          "private": "eyJlMmJmYjczMC1lY2FhLTExZTYtOGY4OC0zNDM2M2JjN2M0YzAiOnsiY3JlYXRlIjo2MDAwMDAwMDAwMDAsImRlbGV0ZSI6NjAwMDAwMDAwMDAwLCJ1cGRhdGUiOjYwMDAwMDAwMDAwMH19",
          "dependencies": [
            "aws_iam_role.lambda_role",
            "aws_s3_bucket.sqlite_db_bucket",
            "aws_sqs_queue.write_dlq",
            "aws_sqs_queue.write_queue",
            "data.archive_file.lambda_save_messages_zip"
          ]
        }
      ]
    },
    {
      "mode": "managed",
      "type": "aws_lambda_function",
      "name": "send_to_sqs",
      "provider": "provider[\"registry.terraform.io/hashicorp/aws\"]",
      "instances": [
        {
          "schema_version": 0,
          "attributes": {
            "architectures": [
              "x86_64"
            ],
            "arn": "arn:aws:lambda:us-east-1:810962555117:function:send-to-sqs",
            "code_sha256": "qZJi7ft1FdEBlsGcovDt6fsNhrer+Vaor3WLoxdiCFo=",
            "code_signing_config_arn": "",
            "dead_letter_config": [],
            "description": "",
            "environment": [
              {
                "variables": {
                  "SQS_WRITE_QUEUE": "https://sqs.us-east-1.amazonaws.com/810962555117/wedding-write-queue"
                }
              }
            ],
            "ephemeral_storage": [
              {
                "size": 512
              }
            ],
            "file_system_config": [],
            "filename": "./../lambda/sendToSQS.zip",
            "function_name": "send-to-sqs",
            "handler": "sendToSQS.lambda_handler",
            "id": "send-to-sqs",
            "image_config": [],
            "image_uri": "",
            "invoke_arn": "arn:aws:apigateway:us-east-1:lambda:path/2015-03-31/functions/arn:aws:lambda:us-east-1:810962555117:function:send-to-sqs/invocations",
            "kms_key_arn": "",
            "last_modified": "2025-05-25T00:25:27.000+0000",
            "layers": [],
            "logging_config": [
              {
                "application_log_level": "",
                "log_format": "Text",
                "log_group": "/aws/lambda/send-to-sqs",
                "system_log_level": ""
              }
            ],
            "memory_size": 128,
            "package_type": "Zip",
            "publish": false,
            "qualified_arn": "arn:aws:lambda:us-east-1:810962555117:function:send-to-sqs:$LATEST",
            "qualified_invoke_arn": "arn:aws:apigateway:us-east-1:lambda:path/2015-03-31/functions/arn:aws:lambda:us-east-1:810962555117:function:send-to-sqs:$LATEST/invocations",
            "replace_security_groups_on_destroy": null,
            "replacement_security_group_ids": null,
            "reserved_concurrent_executions": -1,
            "role": "arn:aws:iam::810962555117:role/wedding-lambda-role",
            "runtime": "python3.12",
            "s3_bucket": null,
            "s3_key": null,
            "s3_object_version": null,
            "signing_job_arn": "",
            "signing_profile_version_arn": "",
            "skip_destroy": false,
            "snap_start": [],
            "source_code_hash": "qZJi7ft1FdEBlsGcovDt6fsNhrer+Vaor3WLoxdiCFo=",
            "source_code_size": 816,
            "tags": {},
            "tags_all": {},
            "timeout": 10,
            "timeouts": null,
            "tracing_config": [
              {
                "mode": "PassThrough"
              }
            ],
            "version": "$LATEST",
            "vpc_config": []
          },
          "sensitive_attributes": [],
          "private": "eyJlMmJmYjczMC1lY2FhLTExZTYtOGY4OC0zNDM2M2JjN2M0YzAiOnsiY3JlYXRlIjo2MDAwMDAwMDAwMDAsImRlbGV0ZSI6NjAwMDAwMDAwMDAwLCJ1cGRhdGUiOjYwMDAwMDAwMDAwMH19",
          "dependencies": [
            "aws_iam_role.lambda_role",
            "aws_sqs_queue.write_dlq",
            "aws_sqs_queue.write_queue",
            "data.archive_file.lambda_send_to_sqs"
          ]
        }
      ]
    },
    {
      "mode": "managed",
      "type": "aws_lambda_permission",
      "name": "allow_get_convidados",
      "provider": "provider[\"registry.terraform.io/hashicorp/aws\"]",
      "instances": [
        {
          "schema_version": 0,
          "attributes": {
            "action": "lambda:InvokeFunction",
            "event_source_token": null,
            "function_name": "get-convidados",
            "function_url_auth_type": null,
            "id": "AllowGetConvidados",
            "principal": "apigateway.amazonaws.com",
            "principal_org_id": null,
            "qualifier": "",
            "source_account": null,
            "source_arn": "arn:aws:execute-api:us-east-1:810962555117:1rhr2d2dtk/*/*",
            "statement_id": "AllowGetConvidados",
            "statement_id_prefix": ""
          },
          "sensitive_attributes": [],
          "private": "bnVsbA==",
          "dependencies": [
            "aws_apigatewayv2_api.wedding_website_api",
            "aws_iam_role.lambda_role",
            "aws_lambda_function.get_convidados",
            "aws_s3_bucket.sqlite_db_bucket",
            "data.archive_file.lambda_get_convidados_zip"
          ]
        }
      ]
    },
    {
      "mode": "managed",
      "type": "aws_lambda_permission",
      "name": "allow_get_payment_link",
      "provider": "provider[\"registry.terraform.io/hashicorp/aws\"]",
      "instances": [
        {
          "schema_version": 0,
          "attributes": {
            "action": "lambda:InvokeFunction",
            "event_source_token": null,
            "function_name": "get-payment-link",
            "function_url_auth_type": null,
            "id": "AllowGetPaymentLink",
            "principal": "apigateway.amazonaws.com",
            "principal_org_id": null,
            "qualifier": "",
            "source_account": null,
            "source_arn": "arn:aws:execute-api:us-east-1:810962555117:1rhr2d2dtk/*/*",
            "statement_id": "AllowGetPaymentLink",
            "statement_id_prefix": ""
          },
          "sensitive_attributes": [],
          "private": "bnVsbA==",
          "dependencies": [
            "aws_apigatewayv2_api.wedding_website_api",
            "aws_iam_role.lambda_role",
            "aws_lambda_function.get_payment_link",
            "data.archive_file.lambda_get_payment_link_zip",
            "data.aws_secretsmanager_secret.wedding_secrets"
          ]
        }
      ]
    },
    {
      "mode": "managed",
      "type": "aws_lambda_permission",
      "name": "allow_get_queries",
      "provider": "provider[\"registry.terraform.io/hashicorp/aws\"]",
      "instances": [
        {
          "schema_version": 0,
          "attributes": {
            "action": "lambda:InvokeFunction",
            "event_source_token": null,
            "function_name": "get-queries",
            "function_url_auth_type": null,
            "id": "AllowGetQueries",
            "principal": "apigateway.amazonaws.com",
            "principal_org_id": null,
            "qualifier": "",
            "source_account": null,
            "source_arn": "arn:aws:execute-api:us-east-1:810962555117:1rhr2d2dtk/*/*",
            "statement_id": "AllowGetQueries",
            "statement_id_prefix": ""
          },
          "sensitive_attributes": [],
          "private": "bnVsbA==",
          "dependencies": [
            "aws_apigatewayv2_api.wedding_website_api",
            "aws_iam_role.lambda_role",
            "aws_lambda_function.get_queries",
            "aws_s3_bucket.sqlite_db_bucket",
            "data.archive_file.lambda_get_queries_zip"
          ]
        }
      ]
    },
    {
      "mode": "managed",
      "type": "aws_lambda_permission",
      "name": "allow_send_to_sqs",
      "provider": "provider[\"registry.terraform.io/hashicorp/aws\"]",
      "instances": [
        {
          "schema_version": 0,
          "attributes": {
            "action": "lambda:InvokeFunction",
            "event_source_token": null,
            "function_name": "send-to-sqs",
            "function_url_auth_type": null,
            "id": "AllowSendToSqs",
            "principal": "apigateway.amazonaws.com",
            "principal_org_id": null,
            "qualifier": "",
            "source_account": null,
            "source_arn": "arn:aws:execute-api:us-east-1:810962555117:1rhr2d2dtk/*/*",
            "statement_id": "AllowSendToSqs",
            "statement_id_prefix": ""
          },
          "sensitive_attributes": [],
          "private": "bnVsbA==",
          "dependencies": [
            "aws_apigatewayv2_api.wedding_website_api",
            "aws_iam_role.lambda_role",
            "aws_lambda_function.send_to_sqs",
            "aws_sqs_queue.write_dlq",
            "aws_sqs_queue.write_queue",
            "data.archive_file.lambda_send_to_sqs"
          ]
        }
      ]
    },
    {
      "mode": "managed",
      "type": "aws_s3_bucket",
      "name": "sqlite_db_bucket",
      "provider": "provider[\"registry.terraform.io/hashicorp/aws\"]",
      "instances": [
        {
          "schema_version": 0,
          "attributes": {
            "acceleration_status": "",
            "acl": "private",
            "arn": "arn:aws:s3:::sqlite-db-project-sww",
            "bucket": "sqlite-db-project-sww",
            "bucket_domain_name": "sqlite-db-project-sww.s3.amazonaws.com",
            "bucket_prefix": "",
            "bucket_regional_domain_name": "sqlite-db-project-sww.s3.us-east-1.amazonaws.com",
            "cors_rule": [],
            "force_destroy": false,
            "grant": [
              {
                "id": "9ec019724f3eea0beda8c27130edbbdbc4479652217dd2cc9c9b51c0f086a582",
                "permissions": [
                  "FULL_CONTROL"
                ],
                "type": "CanonicalUser",
                "uri": ""
              }
            ],
            "hosted_zone_id": "Z3AQBSTGFYJSTF",
            "id": "sqlite-db-project-sww",
            "lifecycle_rule": [],
            "logging": [],
            "object_lock_configuration": [],
            "object_lock_enabled": false,
            "policy": "",
            "region": "us-east-1",
            "replication_configuration": [],
            "request_payer": "BucketOwner",
            "server_side_encryption_configuration": [
              {
                "rule": [
                  {
                    "apply_server_side_encryption_by_default": [
                      {
                        "kms_master_key_id": "",
                        "sse_algorithm": "AES256"
                      }
                    ],
                    "bucket_key_enabled": false
                  }
                ]
              }
            ],
            "tags": {},
            "tags_all": {},
            "timeouts": null,
            "versioning": [
              {
                "enabled": true,
                "mfa_delete": false
              }
            ],
            "website": [],
            "website_domain": null,
            "website_endpoint": null
          },
          "sensitive_attributes": [],
          "private": "eyJlMmJmYjczMC1lY2FhLTExZTYtOGY4OC0zNDM2M2JjN2M0YzAiOnsiY3JlYXRlIjoxMjAwMDAwMDAwMDAwLCJkZWxldGUiOjM2MDAwMDAwMDAwMDAsInJlYWQiOjEyMDAwMDAwMDAwMDAsInVwZGF0ZSI6MTIwMDAwMDAwMDAwMH19"
        }
      ]
    },
    {
      "mode": "managed",
      "type": "aws_sqs_queue",
      "name": "write_dlq",
      "provider": "provider[\"registry.terraform.io/hashicorp/aws\"]",
      "instances": [
        {
          "schema_version": 0,
          "attributes": {
            "arn": "arn:aws:sqs:us-east-1:810962555117:wedding-write-dlq",
            "content_based_deduplication": false,
            "deduplication_scope": "",
            "delay_seconds": 0,
            "fifo_queue": false,
            "fifo_throughput_limit": "",
            "id": "https://sqs.us-east-1.amazonaws.com/810962555117/wedding-write-dlq",
            "kms_data_key_reuse_period_seconds": 300,
            "kms_master_key_id": "",
            "max_message_size": 262144,
            "message_retention_seconds": 1209600,
            "name": "wedding-write-dlq",
            "name_prefix": "",
            "policy": "",
            "receive_wait_time_seconds": 0,
            "redrive_allow_policy": "",
            "redrive_policy": "",
            "sqs_managed_sse_enabled": true,
            "tags": {},
            "tags_all": {},
            "url": "https://sqs.us-east-1.amazonaws.com/810962555117/wedding-write-dlq",
            "visibility_timeout_seconds": 30
          },
          "sensitive_attributes": [],
          "private": "bnVsbA=="
        }
      ]
    },
    {
      "mode": "managed",
      "type": "aws_sqs_queue",
      "name": "write_queue",
      "provider": "provider[\"registry.terraform.io/hashicorp/aws\"]",
      "instances": [
        {
          "schema_version": 0,
          "attributes": {
            "arn": "arn:aws:sqs:us-east-1:810962555117:wedding-write-queue",
            "content_based_deduplication": false,
            "deduplication_scope": "",
            "delay_seconds": 0,
            "fifo_queue": false,
            "fifo_throughput_limit": "",
            "id": "https://sqs.us-east-1.amazonaws.com/810962555117/wedding-write-queue",
            "kms_data_key_reuse_period_seconds": 300,
            "kms_master_key_id": "",
            "max_message_size": 262144,
            "message_retention_seconds": 345600,
            "name": "wedding-write-queue",
            "name_prefix": "",
            "policy": "",
            "receive_wait_time_seconds": 0,
            "redrive_allow_policy": "",
            "redrive_policy": "{\"deadLetterTargetArn\":\"arn:aws:sqs:us-east-1:810962555117:wedding-write-dlq\",\"maxReceiveCount\":5}",
            "sqs_managed_sse_enabled": true,
            "tags": {},
            "tags_all": {},
            "url": "https://sqs.us-east-1.amazonaws.com/810962555117/wedding-write-queue",
            "visibility_timeout_seconds": 180
          },
          "sensitive_attributes": [],
          "private": "bnVsbA==",
          "dependencies": [
            "aws_sqs_queue.write_dlq"
          ]
        }
      ]
    },
    {
      "mode": "managed",
      "type": "random_id",
      "name": "bucket_id",
      "provider": "provider[\"registry.terraform.io/hashicorp/random\"]",
      "instances": [
        {
          "schema_version": 0,
          "attributes": {
            "b64_std": "D09OUA==",
            "b64_url": "D09OUA",
            "byte_length": 4,
            "dec": "256855632",
            "hex": "0f4f4e50",
            "id": "D09OUA",
            "keepers": null,
            "prefix": null
          },
          "sensitive_attributes": []
        }
      ]
    }
  ],
  "check_results": null
}
